
Microsoft Visual Studio Solution File, Format Version 12.00
# Visual Studio Version 16
VisualStudioVersion = 16.0.31829.152
MinimumVisualStudioVersion = 10.0.40219.1
Project("{9A19103F-16F7-4668-BE54-9A1E7A4F7556}") = "CarRentalManagement1.Server", "CarRentalManagement1\Server\CarRentalManagement1.Server.csproj", "{2FB3B799-7A49-4C04-9129-603FDADDF90C}"
EndProject
Project("{9A19103F-16F7-4668-BE54-9A1E7A4F7556}") = "CarRentalManagement1.Client", "CarRentalManagement1\Client\CarRentalManagement1.Client.csproj", "{CC190367-A8EB-41F2-AB84-0A56FB8EF3F9}"
EndProject
Project("{9A19103F-16F7-4668-BE54-9A1E7A4F7556}") = "CarRentalManagement1.Shared", "CarRentalManagement1\Shared\CarRentalManagement1.Shared.csproj", "{79437090-0D26-423B-8E28-CD6BA135408F}"
EndProject
Global
	GlobalSection(SolutionConfigurationPlatforms) = preSolution
		Debug|Any CPU = Debug|Any CPU
		Release|Any CPU = Release|Any CPU
	EndGlobalSection
	GlobalSection(ProjectConfigurationPlatforms) = postSolution
		{2FB3B799-7A49-4C04-9129-603FDADDF90C}.Debug|Any CPU.ActiveCfg = Debug|Any CPU
		{2FB3B799-7A49-4C04-9129-603FDADDF90C}.Debug|Any CPU.Build.0 = Debug|Any CPU
		{2FB3B799-7A49-4C04-9129-603FDADDF90C}.Release|Any CPU.ActiveCfg = Release|Any CPU
		{2FB3B799-7A49-4C04-9129-603FDADDF90C}.Release|Any CPU.Build.0 = Release|Any CPU
		{CC190367-A8EB-41F2-AB84-0A56FB8EF3F9}.Debug|Any CPU.ActiveCfg = Debug|Any CPU
		{CC190367-A8EB-41F2-AB84-0A56FB8EF3F9}.Debug|Any CPU.Build.0 = Debug|Any CPU
		{CC190367-A8EB-41F2-AB84-0A56FB8EF3F9}.Release|Any CPU.ActiveCfg = Release|Any CPU
		{CC190367-A8EB-41F2-AB84-0A56FB8EF3F9}.Release|Any CPU.Build.0 = Release|Any CPU
		{79437090-0D26-423B-8E28-CD6BA135408F}.Debug|Any CPU.ActiveCfg = Debug|Any CPU
		{79437090-0D26-423B-8E28-CD6BA135408F}.Debug|Any CPU.Build.0 = Debug|Any CPU
		{79437090-0D26-423B-8E28-CD6BA135408F}.Release|Any CPU.ActiveCfg = Release|Any CPU
		{79437090-0D26-423B-8E28-CD6BA135408F}.Release|Any CPU.Build.0 = Release|Any CPU
	EndGlobalSection
	GlobalSection(SolutionProperties) = preSolution
		HideSolutionNode = FALSE
	EndGlobalSection
	GlobalSection(ExtensibilityGlobals) = postSolution
		SolutionGuid = {DE5B5B5C-06CA-49BA-AC02-927FEFD2FF4F}
	EndGlobalSection
EndGlobal
